
Microsoft Visual Studio Solution File, Format Version 12.00
# Visual Studio Version 17
VisualStudioVersion = 17.14.36804.6
MinimumVisualStudioVersion = 10.0.40219.1
Project("{8BC9CEB8-8B4A-11D0-8D11-00A0C91BC942}") = "Enero23_2", "Enero23_2\Enero23_2.vcxproj", "{9FC421F1-4EB3-4C9A-85A9-E59D957B426F}"
EndProject
Project("{8BC9CEB8-8B4A-11D0-8D11-00A0C91BC942}") = "Enero25_2", "Enero25_2\Enero25_2.vcxproj", "{0A8B708A-2CFB-4E69-AE4D-E651041CD9D1}"
EndProject
Project("{8BC9CEB8-8B4A-11D0-8D11-00A0C91BC942}") = "Febrero21_2", "Febrero21_2\Febrero21_2.vcxproj", "{E38C5B6B-7A57-453E-B20E-14B2234885C1}"
EndProject
Project("{8BC9CEB8-8B4A-11D0-8D11-00A0C91BC942}") = "Enero25_3", "Enero25_3\Enero25_3.vcxproj", "{90EEC0CF-A763-41AC-853A-1BEDD7CEA679}"
EndProject
Project("{8BC9CEB8-8B4A-11D0-8D11-00A0C91BC942}") = "Junio23_3", "Junio23_3\Junio23_3.vcxproj", "{E89AD2AF-4C13-4798-A851-C512960E1BD0}"
EndProject
Project("{8BC9CEB8-8B4A-11D0-8D11-00A0C91BC942}") = "Enero24_2", "Enero24_2\Enero24_2.vcxproj", "{DB16CC34-7B26-44F5-8D9C-48CFB50B8ABC}"
EndProject
Project("{8BC9CEB8-8B4A-11D0-8D11-00A0C91BC942}") = "Junio24_1", "Junio24_1\Junio24_1.vcxproj", "{C60D18A2-00C5-40E7-95C5-6898F949EA78}"
EndProject
Project("{8BC9CEB8-8B4A-11D0-8D11-00A0C91BC942}") = "Junio25_1", "Junio25_1\Junio25_1.vcxproj", "{88EE3F73-7546-42DB-B28D-177BC2069274}"
EndProject
Project("{8BC9CEB8-8B4A-11D0-8D11-00A0C91BC942}") = "Junio24_2", "Junio24_2\Junio24_2.vcxproj", "{2829C300-C7BF-47C4-B7F0-3B8EB44E645A}"
EndProject
Project("{8BC9CEB8-8B4A-11D0-8D11-00A0C91BC942}") = "Junio25_3", "Junio25_3\Junio25_3.vcxproj", "{F8376731-06C9-4C4F-A440-9DE796B0B191}"
EndProject
Project("{8BC9CEB8-8B4A-11D0-8D11-00A0C91BC942}") = "Enero25_1", "Enero25_1\Enero25_1.vcxproj", "{A6485DDB-57D5-47A7-9ACA-2E18889B0048}"
EndProject
Project("{8BC9CEB8-8B4A-11D0-8D11-00A0C91BC942}") = "Junio22_1", "Junio22_1\Junio22_1.vcxproj", "{03C53056-0BDD-4C9F-8AF9-EBAE69CE5F3E}"
EndProject
Global
	GlobalSection(SolutionConfigurationPlatforms) = preSolution
		Debug|x64 = Debug|x64
		Debug|x86 = Debug|x86
		Release|x64 = Release|x64
		Release|x86 = Release|x86
	EndGlobalSection
	GlobalSection(ProjectConfigurationPlatforms) = postSolution
		{9FC421F1-4EB3-4C9A-85A9-E59D957B426F}.Debug|x64.ActiveCfg = Debug|x64
		{9FC421F1-4EB3-4C9A-85A9-E59D957B426F}.Debug|x64.Build.0 = Debug|x64
		{9FC421F1-4EB3-4C9A-85A9-E59D957B426F}.Debug|x86.ActiveCfg = Debug|Win32
		{9FC421F1-4EB3-4C9A-85A9-E59D957B426F}.Debug|x86.Build.0 = Debug|Win32
		{9FC421F1-4EB3-4C9A-85A9-E59D957B426F}.Release|x64.ActiveCfg = Release|x64
		{9FC421F1-4EB3-4C9A-85A9-E59D957B426F}.Release|x64.Build.0 = Release|x64
		{9FC421F1-4EB3-4C9A-85A9-E59D957B426F}.Release|x86.ActiveCfg = Release|Win32
		{9FC421F1-4EB3-4C9A-85A9-E59D957B426F}.Release|x86.Build.0 = Release|Win32
		{0A8B708A-2CFB-4E69-AE4D-E651041CD9D1}.Debug|x64.ActiveCfg = Debug|x64
		{0A8B708A-2CFB-4E69-AE4D-E651041CD9D1}.Debug|x64.Build.0 = Debug|x64
		{0A8B708A-2CFB-4E69-AE4D-E651041CD9D1}.Debug|x86.ActiveCfg = Debug|Win32
		{0A8B708A-2CFB-4E69-AE4D-E651041CD9D1}.Debug|x86.Build.0 = Debug|Win32
		{0A8B708A-2CFB-4E69-AE4D-E651041CD9D1}.Release|x64.ActiveCfg = Release|x64
		{0A8B708A-2CFB-4E69-AE4D-E651041CD9D1}.Release|x64.Build.0 = Release|x64
		{0A8B708A-2CFB-4E69-AE4D-E651041CD9D1}.Release|x86.ActiveCfg = Release|Win32
		{0A8B708A-2CFB-4E69-AE4D-E651041CD9D1}.Release|x86.Build.0 = Release|Win32
		{E38C5B6B-7A57-453E-B20E-14B2234885C1}.Debug|x64.ActiveCfg = Debug|x64
		{E38C5B6B-7A57-453E-B20E-14B2234885C1}.Debug|x64.Build.0 = Debug|x64
		{E38C5B6B-7A57-453E-B20E-14B2234885C1}.Debug|x86.ActiveCfg = Debug|Win32
		{E38C5B6B-7A57-453E-B20E-14B2234885C1}.Debug|x86.Build.0 = Debug|Win32
		{E38C5B6B-7A57-453E-B20E-14B2234885C1}.Release|x64.ActiveCfg = Release|x64
		{E38C5B6B-7A57-453E-B20E-14B2234885C1}.Release|x64.Build.0 = Release|x64
		{E38C5B6B-7A57-453E-B20E-14B2234885C1}.Release|x86.ActiveCfg = Release|Win32
		{E38C5B6B-7A57-453E-B20E-14B2234885C1}.Release|x86.Build.0 = Release|Win32
		{90EEC0CF-A763-41AC-853A-1BEDD7CEA679}.Debug|x64.ActiveCfg = Debug|x64
		{90EEC0CF-A763-41AC-853A-1BEDD7CEA679}.Debug|x64.Build.0 = Debug|x64
		{90EEC0CF-A763-41AC-853A-1BEDD7CEA679}.Debug|x86.ActiveCfg = Debug|Win32
		{90EEC0CF-A763-41AC-853A-1BEDD7CEA679}.Debug|x86.Build.0 = Debug|Win32
		{90EEC0CF-A763-41AC-853A-1BEDD7CEA679}.Release|x64.ActiveCfg = Release|x64
		{90EEC0CF-A763-41AC-853A-1BEDD7CEA679}.Release|x64.Build.0 = Release|x64
		{90EEC0CF-A763-41AC-853A-1BEDD7CEA679}.Release|x86.ActiveCfg = Release|Win32
		{90EEC0CF-A763-41AC-853A-1BEDD7CEA679}.Release|x86.Build.0 = Release|Win32
		{E89AD2AF-4C13-4798-A851-C512960E1BD0}.Debug|x64.ActiveCfg = Debug|x64
		{E89AD2AF-4C13-4798-A851-C512960E1BD0}.Debug|x64.Build.0 = Debug|x64
		{E89AD2AF-4C13-4798-A851-C512960E1BD0}.Debug|x86.ActiveCfg = Debug|Win32
		{E89AD2AF-4C13-4798-A851-C512960E1BD0}.Debug|x86.Build.0 = Debug|Win32
		{E89AD2AF-4C13-4798-A851-C512960E1BD0}.Release|x64.ActiveCfg = Release|x64
		{E89AD2AF-4C13-4798-A851-C512960E1BD0}.Release|x64.Build.0 = Release|x64
		{E89AD2AF-4C13-4798-A851-C512960E1BD0}.Release|x86.ActiveCfg = Release|Win32
		{E89AD2AF-4C13-4798-A851-C512960E1BD0}.Release|x86.Build.0 = Release|Win32
		{DB16CC34-7B26-44F5-8D9C-48CFB50B8ABC}.Debug|x64.ActiveCfg = Debug|x64
		{DB16CC34-7B26-44F5-8D9C-48CFB50B8ABC}.Debug|x64.Build.0 = Debug|x64
		{DB16CC34-7B26-44F5-8D9C-48CFB50B8ABC}.Debug|x86.ActiveCfg = Debug|Win32
		{DB16CC34-7B26-44F5-8D9C-48CFB50B8ABC}.Debug|x86.Build.0 = Debug|Win32
		{DB16CC34-7B26-44F5-8D9C-48CFB50B8ABC}.Release|x64.ActiveCfg = Release|x64
		{DB16CC34-7B26-44F5-8D9C-48CFB50B8ABC}.Release|x64.Build.0 = Release|x64
		{DB16CC34-7B26-44F5-8D9C-48CFB50B8ABC}.Release|x86.ActiveCfg = Release|Win32
		{DB16CC34-7B26-44F5-8D9C-48CFB50B8ABC}.Release|x86.Build.0 = Release|Win32
		{C60D18A2-00C5-40E7-95C5-6898F949EA78}.Debug|x64.ActiveCfg = Debug|x64
		{C60D18A2-00C5-40E7-95C5-6898F949EA78}.Debug|x64.Build.0 = Debug|x64
		{C60D18A2-00C5-40E7-95C5-6898F949EA78}.Debug|x86.ActiveCfg = Debug|Win32
		{C60D18A2-00C5-40E7-95C5-6898F949EA78}.Debug|x86.Build.0 = Debug|Win32
		{C60D18A2-00C5-40E7-95C5-6898F949EA78}.Release|x64.ActiveCfg = Release|x64
		{C60D18A2-00C5-40E7-95C5-6898F949EA78}.Release|x64.Build.0 = Release|x64
		{C60D18A2-00C5-40E7-95C5-6898F949EA78}.Release|x86.ActiveCfg = Release|Win32
		{C60D18A2-00C5-40E7-95C5-6898F949EA78}.Release|x86.Build.0 = Release|Win32
		{88EE3F73-7546-42DB-B28D-177BC2069274}.Debug|x64.ActiveCfg = Debug|x64
		{88EE3F73-7546-42DB-B28D-177BC2069274}.Debug|x64.Build.0 = Debug|x64
		{88EE3F73-7546-42DB-B28D-177BC2069274}.Debug|x86.ActiveCfg = Debug|Win32
		{88EE3F73-7546-42DB-B28D-177BC2069274}.Debug|x86.Build.0 = Debug|Win32
		{88EE3F73-7546-42DB-B28D-177BC2069274}.Release|x64.ActiveCfg = Release|x64
		{88EE3F73-7546-42DB-B28D-177BC2069274}.Release|x64.Build.0 = Release|x64
		{88EE3F73-7546-42DB-B28D-177BC2069274}.Release|x86.ActiveCfg = Release|Win32
		{88EE3F73-7546-42DB-B28D-177BC2069274}.Release|x86.Build.0 = Release|Win32
		{2829C300-C7BF-47C4-B7F0-3B8EB44E645A}.Debug|x64.ActiveCfg = Debug|x64
		{2829C300-C7BF-47C4-B7F0-3B8EB44E645A}.Debug|x64.Build.0 = Debug|x64
		{2829C300-C7BF-47C4-B7F0-3B8EB44E645A}.Debug|x86.ActiveCfg = Debug|Win32
		{2829C300-C7BF-47C4-B7F0-3B8EB44E645A}.Debug|x86.Build.0 = Debug|Win32
		{2829C300-C7BF-47C4-B7F0-3B8EB44E645A}.Release|x64.ActiveCfg = Release|x64
		{2829C300-C7BF-47C4-B7F0-3B8EB44E645A}.Release|x64.Build.0 = Release|x64
		{2829C300-C7BF-47C4-B7F0-3B8EB44E645A}.Release|x86.ActiveCfg = Release|Win32
		{2829C300-C7BF-47C4-B7F0-3B8EB44E645A}.Release|x86.Build.0 = Release|Win32
		{F8376731-06C9-4C4F-A440-9DE796B0B191}.Debug|x64.ActiveCfg = Debug|x64
		{F8376731-06C9-4C4F-A440-9DE796B0B191}.Debug|x64.Build.0 = Debug|x64
		{F8376731-06C9-4C4F-A440-9DE796B0B191}.Debug|x86.ActiveCfg = Debug|Win32
		{F8376731-06C9-4C4F-A440-9DE796B0B191}.Debug|x86.Build.0 = Debug|Win32
		{F8376731-06C9-4C4F-A440-9DE796B0B191}.Release|x64.ActiveCfg = Release|x64
		{F8376731-06C9-4C4F-A440-9DE796B0B191}.Release|x64.Build.0 = Release|x64
		{F8376731-06C9-4C4F-A440-9DE796B0B191}.Release|x86.ActiveCfg = Release|Win32
		{F8376731-06C9-4C4F-A440-9DE796B0B191}.Release|x86.Build.0 = Release|Win32
		{A6485DDB-57D5-47A7-9ACA-2E18889B0048}.Debug|x64.ActiveCfg = Debug|x64
		{A6485DDB-57D5-47A7-9ACA-2E18889B0048}.Debug|x64.Build.0 = Debug|x64
		{A6485DDB-57D5-47A7-9ACA-2E18889B0048}.Debug|x86.ActiveCfg = Debug|Win32
		{A6485DDB-57D5-47A7-9ACA-2E18889B0048}.Debug|x86.Build.0 = Debug|Win32
		{A6485DDB-57D5-47A7-9ACA-2E18889B0048}.Release|x64.ActiveCfg = Release|x64
		{A6485DDB-57D5-47A7-9ACA-2E18889B0048}.Release|x64.Build.0 = Release|x64
		{A6485DDB-57D5-47A7-9ACA-2E18889B0048}.Release|x86.ActiveCfg = Release|Win32
		{A6485DDB-57D5-47A7-9ACA-2E18889B0048}.Release|x86.Build.0 = Release|Win32
		{03C53056-0BDD-4C9F-8AF9-EBAE69CE5F3E}.Debug|x64.ActiveCfg = Debug|x64
		{03C53056-0BDD-4C9F-8AF9-EBAE69CE5F3E}.Debug|x64.Build.0 = Debug|x64
		{03C53056-0BDD-4C9F-8AF9-EBAE69CE5F3E}.Debug|x86.ActiveCfg = Debug|Win32
		{03C53056-0BDD-4C9F-8AF9-EBAE69CE5F3E}.Debug|x86.Build.0 = Debug|Win32
		{03C53056-0BDD-4C9F-8AF9-EBAE69CE5F3E}.Release|x64.ActiveCfg = Release|x64
		{03C53056-0BDD-4C9F-8AF9-EBAE69CE5F3E}.Release|x64.Build.0 = Release|x64
		{03C53056-0BDD-4C9F-8AF9-EBAE69CE5F3E}.Release|x86.ActiveCfg = Release|Win32
		{03C53056-0BDD-4C9F-8AF9-EBAE69CE5F3E}.Release|x86.Build.0 = Release|Win32
	EndGlobalSection
	GlobalSection(SolutionProperties) = preSolution
		HideSolutionNode = FALSE
	EndGlobalSection
	GlobalSection(ExtensibilityGlobals) = postSolution
		SolutionGuid = {A4019594-66B3-4212-AB95-11B0C3200FAE}
	EndGlobalSection
EndGlobal
