
Microsoft Visual Studio Solution File, Format Version 12.00
# Visual Studio Version 17
VisualStudioVersion = 17.10.35027.167
MinimumVisualStudioVersion = 10.0.40219.1
Project("{8BC9CEB8-8B4A-11D0-8D11-00A0C91BC942}") = "T2_6", "T2_6\T2_6.vcxproj", "{C1DFB376-03A8-4653-A2F8-CD4618162746}"
EndProject
Project("{8BC9CEB8-8B4A-11D0-8D11-00A0C91BC942}") = "T2_7", "T2_7\T2_7.vcxproj", "{5018AC95-18DC-46DD-8B42-DB6CF1631A0E}"
EndProject
Project("{8BC9CEB8-8B4A-11D0-8D11-00A0C91BC942}") = "T2_13", "T2_13\T2_13.vcxproj", "{C712FA97-8F00-40C6-86F1-003CE151BC6C}"
EndProject
Project("{8BC9CEB8-8B4A-11D0-8D11-00A0C91BC942}") = "T2_15", "T2_15\T2_15.vcxproj", "{256A7563-56E2-4B12-8AC5-196A693AB854}"
EndProject
Project("{8BC9CEB8-8B4A-11D0-8D11-00A0C91BC942}") = "T2_8", "T2_8\T2_8.vcxproj", "{E8FB67ED-284B-46B5-9D91-C921CB02D5AD}"
EndProject
Project("{8BC9CEB8-8B4A-11D0-8D11-00A0C91BC942}") = "T2_9", "T2_9\T2_9.vcxproj", "{A3E1B0E4-0F07-41F4-A515-DFC61169DA11}"
EndProject
Project("{8BC9CEB8-8B4A-11D0-8D11-00A0C91BC942}") = "T2_10", "T2_10\T2_10.vcxproj", "{48DAAEF7-5264-4D30-AF6D-C076C4B0F6A9}"
EndProject
Project("{8BC9CEB8-8B4A-11D0-8D11-00A0C91BC942}") = "T2_11", "T2_11\T2_11.vcxproj", "{5250F16D-9AAB-4031-9382-4CA177982E11}"
EndProject
Project("{8BC9CEB8-8B4A-11D0-8D11-00A0C91BC942}") = "T2_14", "T2_14\T2_14.vcxproj", "{C6375B94-53D1-4EF0-81EA-12CE8BD98F8D}"
EndProject
Global
	GlobalSection(SolutionConfigurationPlatforms) = preSolution
		Debug|x64 = Debug|x64
		Debug|x86 = Debug|x86
		Release|x64 = Release|x64
		Release|x86 = Release|x86
	EndGlobalSection
	GlobalSection(ProjectConfigurationPlatforms) = postSolution
		{C1DFB376-03A8-4653-A2F8-CD4618162746}.Debug|x64.ActiveCfg = Debug|x64
		{C1DFB376-03A8-4653-A2F8-CD4618162746}.Debug|x64.Build.0 = Debug|x64
		{C1DFB376-03A8-4653-A2F8-CD4618162746}.Debug|x86.ActiveCfg = Debug|Win32
		{C1DFB376-03A8-4653-A2F8-CD4618162746}.Debug|x86.Build.0 = Debug|Win32
		{C1DFB376-03A8-4653-A2F8-CD4618162746}.Release|x64.ActiveCfg = Release|x64
		{C1DFB376-03A8-4653-A2F8-CD4618162746}.Release|x64.Build.0 = Release|x64
		{C1DFB376-03A8-4653-A2F8-CD4618162746}.Release|x86.ActiveCfg = Release|Win32
		{C1DFB376-03A8-4653-A2F8-CD4618162746}.Release|x86.Build.0 = Release|Win32
		{5018AC95-18DC-46DD-8B42-DB6CF1631A0E}.Debug|x64.ActiveCfg = Debug|x64
		{5018AC95-18DC-46DD-8B42-DB6CF1631A0E}.Debug|x64.Build.0 = Debug|x64
		{5018AC95-18DC-46DD-8B42-DB6CF1631A0E}.Debug|x86.ActiveCfg = Debug|Win32
		{5018AC95-18DC-46DD-8B42-DB6CF1631A0E}.Debug|x86.Build.0 = Debug|Win32
		{5018AC95-18DC-46DD-8B42-DB6CF1631A0E}.Release|x64.ActiveCfg = Release|x64
		{5018AC95-18DC-46DD-8B42-DB6CF1631A0E}.Release|x64.Build.0 = Release|x64
		{5018AC95-18DC-46DD-8B42-DB6CF1631A0E}.Release|x86.ActiveCfg = Release|Win32
		{5018AC95-18DC-46DD-8B42-DB6CF1631A0E}.Release|x86.Build.0 = Release|Win32
		{C712FA97-8F00-40C6-86F1-003CE151BC6C}.Debug|x64.ActiveCfg = Debug|x64
		{C712FA97-8F00-40C6-86F1-003CE151BC6C}.Debug|x64.Build.0 = Debug|x64
		{C712FA97-8F00-40C6-86F1-003CE151BC6C}.Debug|x86.ActiveCfg = Debug|Win32
		{C712FA97-8F00-40C6-86F1-003CE151BC6C}.Debug|x86.Build.0 = Debug|Win32
		{C712FA97-8F00-40C6-86F1-003CE151BC6C}.Release|x64.ActiveCfg = Release|x64
		{C712FA97-8F00-40C6-86F1-003CE151BC6C}.Release|x64.Build.0 = Release|x64
		{C712FA97-8F00-40C6-86F1-003CE151BC6C}.Release|x86.ActiveCfg = Release|Win32
		{C712FA97-8F00-40C6-86F1-003CE151BC6C}.Release|x86.Build.0 = Release|Win32
		{256A7563-56E2-4B12-8AC5-196A693AB854}.Debug|x64.ActiveCfg = Debug|x64
		{256A7563-56E2-4B12-8AC5-196A693AB854}.Debug|x64.Build.0 = Debug|x64
		{256A7563-56E2-4B12-8AC5-196A693AB854}.Debug|x86.ActiveCfg = Debug|Win32
		{256A7563-56E2-4B12-8AC5-196A693AB854}.Debug|x86.Build.0 = Debug|Win32
		{256A7563-56E2-4B12-8AC5-196A693AB854}.Release|x64.ActiveCfg = Release|x64
		{256A7563-56E2-4B12-8AC5-196A693AB854}.Release|x64.Build.0 = Release|x64
		{256A7563-56E2-4B12-8AC5-196A693AB854}.Release|x86.ActiveCfg = Release|Win32
		{256A7563-56E2-4B12-8AC5-196A693AB854}.Release|x86.Build.0 = Release|Win32
		{E8FB67ED-284B-46B5-9D91-C921CB02D5AD}.Debug|x64.ActiveCfg = Debug|x64
		{E8FB67ED-284B-46B5-9D91-C921CB02D5AD}.Debug|x64.Build.0 = Debug|x64
		{E8FB67ED-284B-46B5-9D91-C921CB02D5AD}.Debug|x86.ActiveCfg = Debug|Win32
		{E8FB67ED-284B-46B5-9D91-C921CB02D5AD}.Debug|x86.Build.0 = Debug|Win32
		{E8FB67ED-284B-46B5-9D91-C921CB02D5AD}.Release|x64.ActiveCfg = Release|x64
		{E8FB67ED-284B-46B5-9D91-C921CB02D5AD}.Release|x64.Build.0 = Release|x64
		{E8FB67ED-284B-46B5-9D91-C921CB02D5AD}.Release|x86.ActiveCfg = Release|Win32
		{E8FB67ED-284B-46B5-9D91-C921CB02D5AD}.Release|x86.Build.0 = Release|Win32
		{A3E1B0E4-0F07-41F4-A515-DFC61169DA11}.Debug|x64.ActiveCfg = Debug|x64
		{A3E1B0E4-0F07-41F4-A515-DFC61169DA11}.Debug|x64.Build.0 = Debug|x64
		{A3E1B0E4-0F07-41F4-A515-DFC61169DA11}.Debug|x86.ActiveCfg = Debug|Win32
		{A3E1B0E4-0F07-41F4-A515-DFC61169DA11}.Debug|x86.Build.0 = Debug|Win32
		{A3E1B0E4-0F07-41F4-A515-DFC61169DA11}.Release|x64.ActiveCfg = Release|x64
		{A3E1B0E4-0F07-41F4-A515-DFC61169DA11}.Release|x64.Build.0 = Release|x64
		{A3E1B0E4-0F07-41F4-A515-DFC61169DA11}.Release|x86.ActiveCfg = Release|Win32
		{A3E1B0E4-0F07-41F4-A515-DFC61169DA11}.Release|x86.Build.0 = Release|Win32
		{48DAAEF7-5264-4D30-AF6D-C076C4B0F6A9}.Debug|x64.ActiveCfg = Debug|x64
		{48DAAEF7-5264-4D30-AF6D-C076C4B0F6A9}.Debug|x64.Build.0 = Debug|x64
		{48DAAEF7-5264-4D30-AF6D-C076C4B0F6A9}.Debug|x86.ActiveCfg = Debug|Win32
		{48DAAEF7-5264-4D30-AF6D-C076C4B0F6A9}.Debug|x86.Build.0 = Debug|Win32
		{48DAAEF7-5264-4D30-AF6D-C076C4B0F6A9}.Release|x64.ActiveCfg = Release|x64
		{48DAAEF7-5264-4D30-AF6D-C076C4B0F6A9}.Release|x64.Build.0 = Release|x64
		{48DAAEF7-5264-4D30-AF6D-C076C4B0F6A9}.Release|x86.ActiveCfg = Release|Win32
		{48DAAEF7-5264-4D30-AF6D-C076C4B0F6A9}.Release|x86.Build.0 = Release|Win32
		{5250F16D-9AAB-4031-9382-4CA177982E11}.Debug|x64.ActiveCfg = Debug|x64
		{5250F16D-9AAB-4031-9382-4CA177982E11}.Debug|x64.Build.0 = Debug|x64
		{5250F16D-9AAB-4031-9382-4CA177982E11}.Debug|x86.ActiveCfg = Debug|Win32
		{5250F16D-9AAB-4031-9382-4CA177982E11}.Debug|x86.Build.0 = Debug|Win32
		{5250F16D-9AAB-4031-9382-4CA177982E11}.Release|x64.ActiveCfg = Release|x64
		{5250F16D-9AAB-4031-9382-4CA177982E11}.Release|x64.Build.0 = Release|x64
		{5250F16D-9AAB-4031-9382-4CA177982E11}.Release|x86.ActiveCfg = Release|Win32
		{5250F16D-9AAB-4031-9382-4CA177982E11}.Release|x86.Build.0 = Release|Win32
		{C6375B94-53D1-4EF0-81EA-12CE8BD98F8D}.Debug|x64.ActiveCfg = Debug|x64
		{C6375B94-53D1-4EF0-81EA-12CE8BD98F8D}.Debug|x64.Build.0 = Debug|x64
		{C6375B94-53D1-4EF0-81EA-12CE8BD98F8D}.Debug|x86.ActiveCfg = Debug|Win32
		{C6375B94-53D1-4EF0-81EA-12CE8BD98F8D}.Debug|x86.Build.0 = Debug|Win32
		{C6375B94-53D1-4EF0-81EA-12CE8BD98F8D}.Release|x64.ActiveCfg = Release|x64
		{C6375B94-53D1-4EF0-81EA-12CE8BD98F8D}.Release|x64.Build.0 = Release|x64
		{C6375B94-53D1-4EF0-81EA-12CE8BD98F8D}.Release|x86.ActiveCfg = Release|Win32
		{C6375B94-53D1-4EF0-81EA-12CE8BD98F8D}.Release|x86.Build.0 = Release|Win32
	EndGlobalSection
	GlobalSection(SolutionProperties) = preSolution
		HideSolutionNode = FALSE
	EndGlobalSection
	GlobalSection(ExtensibilityGlobals) = postSolution
		SolutionGuid = {25BA27A8-B97B-4A49-AC15-F2046F97465B}
	EndGlobalSection
EndGlobal
