
Microsoft Visual Studio Solution File, Format Version 12.00
# Visual Studio Version 17
VisualStudioVersion = 17.10.35027.167
MinimumVisualStudioVersion = 10.0.40219.1
Project("{8BC9CEB8-8B4A-11D0-8D11-00A0C91BC942}") = "T2_6", "T2_6\T2_6.vcxproj", "{C1DFB376-03A8-4653-A2F8-CD4618162746}"
EndProject
Project("{8BC9CEB8-8B4A-11D0-8D11-00A0C91BC942}") = "T2_7", "T2_7\T2_7.vcxproj", "{5018AC95-18DC-46DD-8B42-DB6CF1631A0E}"
EndProject
Global
	GlobalSection(SolutionConfigurationPlatforms) = preSolution
		Debug|x64 = Debug|x64
		Debug|x86 = Debug|x86
		Release|x64 = Release|x64
		Release|x86 = Release|x86
	EndGlobalSection
	GlobalSection(ProjectConfigurationPlatforms) = postSolution
		{C1DFB376-03A8-4653-A2F8-CD4618162746}.Debug|x64.ActiveCfg = Debug|x64
		{C1DFB376-03A8-4653-A2F8-CD4618162746}.Debug|x64.Build.0 = Debug|x64
		{C1DFB376-03A8-4653-A2F8-CD4618162746}.Debug|x86.ActiveCfg = Debug|Win32
		{C1DFB376-03A8-4653-A2F8-CD4618162746}.Debug|x86.Build.0 = Debug|Win32
		{C1DFB376-03A8-4653-A2F8-CD4618162746}.Release|x64.ActiveCfg = Release|x64
		{C1DFB376-03A8-4653-A2F8-CD4618162746}.Release|x64.Build.0 = Release|x64
		{C1DFB376-03A8-4653-A2F8-CD4618162746}.Release|x86.ActiveCfg = Release|Win32
		{C1DFB376-03A8-4653-A2F8-CD4618162746}.Release|x86.Build.0 = Release|Win32
		{5018AC95-18DC-46DD-8B42-DB6CF1631A0E}.Debug|x64.ActiveCfg = Debug|x64
		{5018AC95-18DC-46DD-8B42-DB6CF1631A0E}.Debug|x64.Build.0 = Debug|x64
		{5018AC95-18DC-46DD-8B42-DB6CF1631A0E}.Debug|x86.ActiveCfg = Debug|Win32
		{5018AC95-18DC-46DD-8B42-DB6CF1631A0E}.Debug|x86.Build.0 = Debug|Win32
		{5018AC95-18DC-46DD-8B42-DB6CF1631A0E}.Release|x64.ActiveCfg = Release|x64
		{5018AC95-18DC-46DD-8B42-DB6CF1631A0E}.Release|x64.Build.0 = Release|x64
		{5018AC95-18DC-46DD-8B42-DB6CF1631A0E}.Release|x86.ActiveCfg = Release|Win32
		{5018AC95-18DC-46DD-8B42-DB6CF1631A0E}.Release|x86.Build.0 = Release|Win32
	EndGlobalSection
	GlobalSection(SolutionProperties) = preSolution
		HideSolutionNode = FALSE
	EndGlobalSection
	GlobalSection(ExtensibilityGlobals) = postSolution
		SolutionGuid = {25BA27A8-B97B-4A49-AC15-F2046F97465B}
	EndGlobalSection
EndGlobal
